
Microsoft Visual Studio Solution File, Format Version 12.00
# Visual Studio Version 17
VisualStudioVersion = 17.13.35806.99 d17.13
MinimumVisualStudioVersion = 10.0.40219.1
Project("{FAE04EC0-301F-11D3-BF4B-00C04F79EFBC}") = "APIDavidCarvajal", "APIDavidCarvajal\APIDavidCarvajal.csproj", "{AF1CEC6D-C581-4811-B06D-5FCE143C4468}"
EndProject
Global
	GlobalSection(SolutionConfigurationPlatforms) = preSolution
		Debug|Any CPU = Debug|Any CPU
		Release|Any CPU = Release|Any CPU
	EndGlobalSection
	GlobalSection(ProjectConfigurationPlatforms) = postSolution
		{AF1CEC6D-C581-4811-B06D-5FCE143C4468}.Debug|Any CPU.ActiveCfg = Debug|Any CPU
		{AF1CEC6D-C581-4811-B06D-5FCE143C4468}.Debug|Any CPU.Build.0 = Debug|Any CPU
		{AF1CEC6D-C581-4811-B06D-5FCE143C4468}.Release|Any CPU.ActiveCfg = Release|Any CPU
		{AF1CEC6D-C581-4811-B06D-5FCE143C4468}.Release|Any CPU.Build.0 = Release|Any CPU
	EndGlobalSection
	GlobalSection(SolutionProperties) = preSolution
		HideSolutionNode = FALSE
	EndGlobalSection
	GlobalSection(ExtensibilityGlobals) = postSolution
		SolutionGuid = {F7C08D58-72A4-4758-9054-DC07E06E0849}
	EndGlobalSection
EndGlobal
